
Microsoft Visual Studio Solution File, Format Version 12.00
# Visual Studio Version 16
VisualStudioVersion = 16.0.35325.158
MinimumVisualStudioVersion = 10.0.40219.1
Project("{FAE04EC0-301F-11D3-BF4B-00C04F79EFBC}") = "WPF-PizzaDelivery", "WPF-PizzaDelivery\WPF-PizzaDelivery.csproj", "{DA326CC4-BCBA-4996-A313-068049BEF084}"
EndProject
Global
	GlobalSection(SolutionConfigurationPlatforms) = preSolution
		Debug|Any CPU = Debug|Any CPU
		Debug|x64 = Debug|x64
		Release|Any CPU = Release|Any CPU
		Release|x64 = Release|x64
	EndGlobalSection
	GlobalSection(ProjectConfigurationPlatforms) = postSolution
		{DA326CC4-BCBA-4996-A313-068049BEF084}.Debug|Any CPU.ActiveCfg = Debug|Any CPU
		{DA326CC4-BCBA-4996-A313-068049BEF084}.Debug|Any CPU.Build.0 = Debug|Any CPU
		{DA326CC4-BCBA-4996-A313-068049BEF084}.Debug|x64.ActiveCfg = Debug|x64
		{DA326CC4-BCBA-4996-A313-068049BEF084}.Debug|x64.Build.0 = Debug|x64
		{DA326CC4-BCBA-4996-A313-068049BEF084}.Release|Any CPU.ActiveCfg = Release|Any CPU
		{DA326CC4-BCBA-4996-A313-068049BEF084}.Release|Any CPU.Build.0 = Release|Any CPU
		{DA326CC4-BCBA-4996-A313-068049BEF084}.Release|x64.ActiveCfg = Release|x64
		{DA326CC4-BCBA-4996-A313-068049BEF084}.Release|x64.Build.0 = Release|x64
	EndGlobalSection
	GlobalSection(SolutionProperties) = preSolution
		HideSolutionNode = FALSE
	EndGlobalSection
	GlobalSection(ExtensibilityGlobals) = postSolution
		SolutionGuid = {05835432-F39C-40CF-ACB7-835317645905}
	EndGlobalSection
EndGlobal
